
Microsoft Visual Studio Solution File, Format Version 12.00
# Visual Studio 15
VisualStudioVersion = 15.0.28010.2048
MinimumVisualStudioVersion = 10.0.40219.1
Project("{9A19103F-16F7-4668-BE54-9A1E7A4F7556}") = "GameSolver.NET.Core", "GameSolver.NET\GameSolver.NET.Core.csproj", "{2F218836-8210-45E2-A850-44213DD1597F}"
EndProject
Project("{9A19103F-16F7-4668-BE54-9A1E7A4F7556}") = "GameSolver.NET.Matrix", "GameSolver.NET.Matrix\GameSolver.NET.Matrix.csproj", "{C4E701B7-FCB1-4843-AD2A-30DF4ADA8863}"
EndProject
Project("{9A19103F-16F7-4668-BE54-9A1E7A4F7556}") = "GameSolver.NET.Common", "GameSolver.NET.Common\GameSolver.NET.Common.csproj", "{06138A23-8A65-4FCB-AB53-60DCC79F1494}"
EndProject
Project("{2150E333-8FDC-42A3-9474-1A3956D46DE8}") = "Tests", "Tests", "{22190D55-1BC8-4267-9FEC-F247CAB163D3}"
EndProject
Project("{9A19103F-16F7-4668-BE54-9A1E7A4F7556}") = "GameSolver.NET.Tests.Matrix", "GameSolver.NET.Tests.Matrix\GameSolver.NET.Tests.Matrix.csproj", "{7BA3A019-7CE7-44D7-BB02-2F0BA1154787}"
EndProject
Project("{9A19103F-16F7-4668-BE54-9A1E7A4F7556}") = "GameSolver.NET.Tests.Common", "GameSolver.NET.Tests.Common\GameSolver.NET.Tests.Common.csproj", "{EDA741A6-EF58-445B-8E6F-076FC8BB49AA}"
EndProject
Project("{9A19103F-16F7-4668-BE54-9A1E7A4F7556}") = "GameSolver.NET.Extensions", "GameSolver.NET.Extensions\GameSolver.NET.Extensions.csproj", "{73E556FB-A034-46D1-8854-A9AC1054EE96}"
EndProject
Project("{9A19103F-16F7-4668-BE54-9A1E7A4F7556}") = "GameSolver.NET.Vector", "GameSolver.NET.Vector\GameSolver.NET.Vector.csproj", "{5FED0A1B-ECDD-4293-994D-A46E99422399}"
EndProject
Project("{9A19103F-16F7-4668-BE54-9A1E7A4F7556}") = "GameSolver.NET.Tests.Vector", "GameSolver.NET.Tests.Vector\GameSolver.NET.Tests.Vector.csproj", "{9482DA4C-D92E-4896-87C9-C0AAFEA56145}"
EndProject
Project("{9A19103F-16F7-4668-BE54-9A1E7A4F7556}") = "GameSolver.NET.Benchmarking", "GameSolver.NET.Benchmarking\GameSolver.NET.Benchmarking.csproj", "{B8770225-657B-44EB-8731-943F82C4FAED}"
EndProject
Project("{2150E333-8FDC-42A3-9474-1A3956D46DE8}") = "GameSolver.NET", "GameSolver.NET", "{EFDE1C82-3860-406A-B5BD-E4F17A5FD409}"
EndProject
Project("{FAE04EC0-301F-11D3-BF4B-00C04F79EFBC}") = "GS.NET.X.Android", "GS.NET.X\GS.NET.X.Android\GS.NET.X.Android.csproj", "{46D8D396-41FE-4435-9FD5-E0F287D04D5F}"
EndProject
Project("{FAE04EC0-301F-11D3-BF4B-00C04F79EFBC}") = "GS.NET.X", "GS.NET.X\GS.NET.X\GS.NET.X.csproj", "{7B1FFB8F-831D-40D7-A871-F2DB58810FAF}"
EndProject
Project("{FAE04EC0-301F-11D3-BF4B-00C04F79EFBC}") = "MathNet.Spatial", "MathNet.Spatial\MathNet.Spatial.csproj", "{96DC1615-24D6-4E96-BB06-7170E7B28026}"
EndProject
Global
	GlobalSection(SolutionConfigurationPlatforms) = preSolution
		Debug|Any CPU = Debug|Any CPU
		Release|Any CPU = Release|Any CPU
	EndGlobalSection
	GlobalSection(ProjectConfigurationPlatforms) = postSolution
		{2F218836-8210-45E2-A850-44213DD1597F}.Debug|Any CPU.ActiveCfg = Debug|Any CPU
		{2F218836-8210-45E2-A850-44213DD1597F}.Debug|Any CPU.Build.0 = Debug|Any CPU
		{2F218836-8210-45E2-A850-44213DD1597F}.Release|Any CPU.ActiveCfg = Release|Any CPU
		{2F218836-8210-45E2-A850-44213DD1597F}.Release|Any CPU.Build.0 = Release|Any CPU
		{C4E701B7-FCB1-4843-AD2A-30DF4ADA8863}.Debug|Any CPU.ActiveCfg = Debug|Any CPU
		{C4E701B7-FCB1-4843-AD2A-30DF4ADA8863}.Debug|Any CPU.Build.0 = Debug|Any CPU
		{C4E701B7-FCB1-4843-AD2A-30DF4ADA8863}.Release|Any CPU.ActiveCfg = Release|Any CPU
		{C4E701B7-FCB1-4843-AD2A-30DF4ADA8863}.Release|Any CPU.Build.0 = Release|Any CPU
		{06138A23-8A65-4FCB-AB53-60DCC79F1494}.Debug|Any CPU.ActiveCfg = Debug|Any CPU
		{06138A23-8A65-4FCB-AB53-60DCC79F1494}.Debug|Any CPU.Build.0 = Debug|Any CPU
		{06138A23-8A65-4FCB-AB53-60DCC79F1494}.Release|Any CPU.ActiveCfg = Release|Any CPU
		{06138A23-8A65-4FCB-AB53-60DCC79F1494}.Release|Any CPU.Build.0 = Release|Any CPU
		{7BA3A019-7CE7-44D7-BB02-2F0BA1154787}.Debug|Any CPU.ActiveCfg = Debug|Any CPU
		{7BA3A019-7CE7-44D7-BB02-2F0BA1154787}.Debug|Any CPU.Build.0 = Debug|Any CPU
		{7BA3A019-7CE7-44D7-BB02-2F0BA1154787}.Release|Any CPU.ActiveCfg = Release|Any CPU
		{7BA3A019-7CE7-44D7-BB02-2F0BA1154787}.Release|Any CPU.Build.0 = Release|Any CPU
		{EDA741A6-EF58-445B-8E6F-076FC8BB49AA}.Debug|Any CPU.ActiveCfg = Debug|Any CPU
		{EDA741A6-EF58-445B-8E6F-076FC8BB49AA}.Debug|Any CPU.Build.0 = Debug|Any CPU
		{EDA741A6-EF58-445B-8E6F-076FC8BB49AA}.Release|Any CPU.ActiveCfg = Release|Any CPU
		{EDA741A6-EF58-445B-8E6F-076FC8BB49AA}.Release|Any CPU.Build.0 = Release|Any CPU
		{73E556FB-A034-46D1-8854-A9AC1054EE96}.Debug|Any CPU.ActiveCfg = Debug|Any CPU
		{73E556FB-A034-46D1-8854-A9AC1054EE96}.Debug|Any CPU.Build.0 = Debug|Any CPU
		{73E556FB-A034-46D1-8854-A9AC1054EE96}.Release|Any CPU.ActiveCfg = Release|Any CPU
		{73E556FB-A034-46D1-8854-A9AC1054EE96}.Release|Any CPU.Build.0 = Release|Any CPU
		{5FED0A1B-ECDD-4293-994D-A46E99422399}.Debug|Any CPU.ActiveCfg = Debug|Any CPU
		{5FED0A1B-ECDD-4293-994D-A46E99422399}.Debug|Any CPU.Build.0 = Debug|Any CPU
		{5FED0A1B-ECDD-4293-994D-A46E99422399}.Release|Any CPU.ActiveCfg = Release|Any CPU
		{5FED0A1B-ECDD-4293-994D-A46E99422399}.Release|Any CPU.Build.0 = Release|Any CPU
		{9482DA4C-D92E-4896-87C9-C0AAFEA56145}.Debug|Any CPU.ActiveCfg = Debug|Any CPU
		{9482DA4C-D92E-4896-87C9-C0AAFEA56145}.Debug|Any CPU.Build.0 = Debug|Any CPU
		{9482DA4C-D92E-4896-87C9-C0AAFEA56145}.Release|Any CPU.ActiveCfg = Release|Any CPU
		{9482DA4C-D92E-4896-87C9-C0AAFEA56145}.Release|Any CPU.Build.0 = Release|Any CPU
		{B8770225-657B-44EB-8731-943F82C4FAED}.Debug|Any CPU.ActiveCfg = Debug|Any CPU
		{B8770225-657B-44EB-8731-943F82C4FAED}.Debug|Any CPU.Build.0 = Debug|Any CPU
		{B8770225-657B-44EB-8731-943F82C4FAED}.Release|Any CPU.ActiveCfg = Release|Any CPU
		{B8770225-657B-44EB-8731-943F82C4FAED}.Release|Any CPU.Build.0 = Release|Any CPU
		{46D8D396-41FE-4435-9FD5-E0F287D04D5F}.Debug|Any CPU.ActiveCfg = Debug|Any CPU
		{46D8D396-41FE-4435-9FD5-E0F287D04D5F}.Debug|Any CPU.Build.0 = Debug|Any CPU
		{46D8D396-41FE-4435-9FD5-E0F287D04D5F}.Debug|Any CPU.Deploy.0 = Debug|Any CPU
		{46D8D396-41FE-4435-9FD5-E0F287D04D5F}.Release|Any CPU.ActiveCfg = Release|Any CPU
		{46D8D396-41FE-4435-9FD5-E0F287D04D5F}.Release|Any CPU.Build.0 = Release|Any CPU
		{46D8D396-41FE-4435-9FD5-E0F287D04D5F}.Release|Any CPU.Deploy.0 = Release|Any CPU
		{7B1FFB8F-831D-40D7-A871-F2DB58810FAF}.Debug|Any CPU.ActiveCfg = Debug|Any CPU
		{7B1FFB8F-831D-40D7-A871-F2DB58810FAF}.Debug|Any CPU.Build.0 = Debug|Any CPU
		{7B1FFB8F-831D-40D7-A871-F2DB58810FAF}.Release|Any CPU.ActiveCfg = Release|Any CPU
		{7B1FFB8F-831D-40D7-A871-F2DB58810FAF}.Release|Any CPU.Build.0 = Release|Any CPU
		{96DC1615-24D6-4E96-BB06-7170E7B28026}.Debug|Any CPU.ActiveCfg = Debug|Any CPU
		{96DC1615-24D6-4E96-BB06-7170E7B28026}.Debug|Any CPU.Build.0 = Debug|Any CPU
		{96DC1615-24D6-4E96-BB06-7170E7B28026}.Release|Any CPU.ActiveCfg = Release|Any CPU
		{96DC1615-24D6-4E96-BB06-7170E7B28026}.Release|Any CPU.Build.0 = Release|Any CPU
	EndGlobalSection
	GlobalSection(SolutionProperties) = preSolution
		HideSolutionNode = FALSE
	EndGlobalSection
	GlobalSection(NestedProjects) = preSolution
		{C4E701B7-FCB1-4843-AD2A-30DF4ADA8863} = {EFDE1C82-3860-406A-B5BD-E4F17A5FD409}
		{06138A23-8A65-4FCB-AB53-60DCC79F1494} = {EFDE1C82-3860-406A-B5BD-E4F17A5FD409}
		{7BA3A019-7CE7-44D7-BB02-2F0BA1154787} = {22190D55-1BC8-4267-9FEC-F247CAB163D3}
		{EDA741A6-EF58-445B-8E6F-076FC8BB49AA} = {22190D55-1BC8-4267-9FEC-F247CAB163D3}
		{73E556FB-A034-46D1-8854-A9AC1054EE96} = {EFDE1C82-3860-406A-B5BD-E4F17A5FD409}
		{5FED0A1B-ECDD-4293-994D-A46E99422399} = {EFDE1C82-3860-406A-B5BD-E4F17A5FD409}
		{9482DA4C-D92E-4896-87C9-C0AAFEA56145} = {22190D55-1BC8-4267-9FEC-F247CAB163D3}
		{B8770225-657B-44EB-8731-943F82C4FAED} = {EFDE1C82-3860-406A-B5BD-E4F17A5FD409}
		{96DC1615-24D6-4E96-BB06-7170E7B28026} = {EFDE1C82-3860-406A-B5BD-E4F17A5FD409}
	EndGlobalSection
	GlobalSection(ExtensibilityGlobals) = postSolution
		SolutionGuid = {6F673492-8C9A-466E-BB06-89358E79BA9E}
	EndGlobalSection
EndGlobal
